
Microsoft Visual Studio Solution File, Format Version 12.00
# Visual Studio Version 17
VisualStudioVersion = 17.5.33516.290
MinimumVisualStudioVersion = 10.0.40219.1
Project("{9A19103F-16F7-4668-BE54-9A1E7A4F7556}") = "WorkCalendar.Api", "WorkCalendar.Api\WorkCalendar.Api.csproj", "{8F9A83F8-1C61-432A-A75C-2392AF1FC96B}"
EndProject
Project("{9A19103F-16F7-4668-BE54-9A1E7A4F7556}") = "WorkCalendar.Service", "WorkCalendarService\WorkCalendar.Service.csproj", "{FA4146C5-C85A-464B-AD79-3E0653FE2332}"
EndProject
Project("{9A19103F-16F7-4668-BE54-9A1E7A4F7556}") = "WorkCalendar.Domain", "WorkCalendar.Domain\WorkCalendar.Domain.csproj", "{C3D80C8D-9AF6-4575-A023-425275811693}"
EndProject
Project("{2150E333-8FDC-42A3-9474-1A3956D46DE8}") = "Tests", "Tests", "{69A45D5B-B733-444C-BB8F-4BC3A46CFC33}"
EndProject
Project("{9A19103F-16F7-4668-BE54-9A1E7A4F7556}") = "Domain.UnitTests", "Domain.UnitTests\Domain.UnitTests.csproj", "{044D920F-576E-431C-BC16-AB67FC46F609}"
EndProject
Project("{FAE04EC0-301F-11D3-BF4B-00C04F79EFBC}") = "WorkCalendar.Repository", "WorkCalendar.Repository\WorkCalendar.Repository.csproj", "{2CF61016-28C7-4992-8240-E073BEF1A75B}"
EndProject
Global
	GlobalSection(SolutionConfigurationPlatforms) = preSolution
		Debug|Any CPU = Debug|Any CPU
		Release|Any CPU = Release|Any CPU
	EndGlobalSection
	GlobalSection(ProjectConfigurationPlatforms) = postSolution
		{8F9A83F8-1C61-432A-A75C-2392AF1FC96B}.Debug|Any CPU.ActiveCfg = Debug|Any CPU
		{8F9A83F8-1C61-432A-A75C-2392AF1FC96B}.Debug|Any CPU.Build.0 = Debug|Any CPU
		{8F9A83F8-1C61-432A-A75C-2392AF1FC96B}.Release|Any CPU.ActiveCfg = Release|Any CPU
		{8F9A83F8-1C61-432A-A75C-2392AF1FC96B}.Release|Any CPU.Build.0 = Release|Any CPU
		{FA4146C5-C85A-464B-AD79-3E0653FE2332}.Debug|Any CPU.ActiveCfg = Debug|Any CPU
		{FA4146C5-C85A-464B-AD79-3E0653FE2332}.Debug|Any CPU.Build.0 = Debug|Any CPU
		{FA4146C5-C85A-464B-AD79-3E0653FE2332}.Release|Any CPU.ActiveCfg = Release|Any CPU
		{FA4146C5-C85A-464B-AD79-3E0653FE2332}.Release|Any CPU.Build.0 = Release|Any CPU
		{C3D80C8D-9AF6-4575-A023-425275811693}.Debug|Any CPU.ActiveCfg = Debug|Any CPU
		{C3D80C8D-9AF6-4575-A023-425275811693}.Debug|Any CPU.Build.0 = Debug|Any CPU
		{C3D80C8D-9AF6-4575-A023-425275811693}.Release|Any CPU.ActiveCfg = Release|Any CPU
		{C3D80C8D-9AF6-4575-A023-425275811693}.Release|Any CPU.Build.0 = Release|Any CPU
		{044D920F-576E-431C-BC16-AB67FC46F609}.Debug|Any CPU.ActiveCfg = Debug|Any CPU
		{044D920F-576E-431C-BC16-AB67FC46F609}.Debug|Any CPU.Build.0 = Debug|Any CPU
		{044D920F-576E-431C-BC16-AB67FC46F609}.Release|Any CPU.ActiveCfg = Release|Any CPU
		{044D920F-576E-431C-BC16-AB67FC46F609}.Release|Any CPU.Build.0 = Release|Any CPU
		{2CF61016-28C7-4992-8240-E073BEF1A75B}.Debug|Any CPU.ActiveCfg = Debug|Any CPU
		{2CF61016-28C7-4992-8240-E073BEF1A75B}.Debug|Any CPU.Build.0 = Debug|Any CPU
		{2CF61016-28C7-4992-8240-E073BEF1A75B}.Release|Any CPU.ActiveCfg = Release|Any CPU
		{2CF61016-28C7-4992-8240-E073BEF1A75B}.Release|Any CPU.Build.0 = Release|Any CPU
	EndGlobalSection
	GlobalSection(SolutionProperties) = preSolution
		HideSolutionNode = FALSE
	EndGlobalSection
	GlobalSection(NestedProjects) = preSolution
		{044D920F-576E-431C-BC16-AB67FC46F609} = {69A45D5B-B733-444C-BB8F-4BC3A46CFC33}
	EndGlobalSection
	GlobalSection(ExtensibilityGlobals) = postSolution
		SolutionGuid = {7F4880B4-2241-47B6-A391-3A8011076D8D}
	EndGlobalSection
EndGlobal
